
Microsoft Visual Studio Solution File, Format Version 12.00
# Visual Studio Version 17
VisualStudioVersion = 17.5.002.0
MinimumVisualStudioVersion = 10.0.40219.1
Project("{9A19103F-16F7-4668-BE54-9A1E7A4F7556}") = "Task-array", "Task-array.csproj", "{613133F6-6282-4ACB-8BE0-88C6A2F19511}"
EndProject
Global
	GlobalSection(SolutionConfigurationPlatforms) = preSolution
		Debug|Any CPU = Debug|Any CPU
		Release|Any CPU = Release|Any CPU
	EndGlobalSection
	GlobalSection(ProjectConfigurationPlatforms) = postSolution
		{613133F6-6282-4ACB-8BE0-88C6A2F19511}.Debug|Any CPU.ActiveCfg = Debug|Any CPU
		{613133F6-6282-4ACB-8BE0-88C6A2F19511}.Debug|Any CPU.Build.0 = Debug|Any CPU
		{613133F6-6282-4ACB-8BE0-88C6A2F19511}.Release|Any CPU.ActiveCfg = Release|Any CPU
		{613133F6-6282-4ACB-8BE0-88C6A2F19511}.Release|Any CPU.Build.0 = Release|Any CPU
	EndGlobalSection
	GlobalSection(SolutionProperties) = preSolution
		HideSolutionNode = FALSE
	EndGlobalSection
	GlobalSection(ExtensibilityGlobals) = postSolution
		SolutionGuid = {57D1CE29-72AA-4173-AE22-D87939810D68}
	EndGlobalSection
EndGlobal
