
Microsoft Visual Studio Solution File, Format Version 12.00
# Visual Studio Version 17
VisualStudioVersion = 17.0.31903.59
MinimumVisualStudioVersion = 10.0.40219.1
Project("{FAE04EC0-301F-11D3-BF4B-00C04F79EFBC}") = "HrConsoleApp", "HrConsoleApp\HrConsoleApp.csproj", "{8DC68014-2902-48F9-A7E3-22220BE78117}"
EndProject
Project("{FAE04EC0-301F-11D3-BF4B-00C04F79EFBC}") = "HrClassLib", "HrClassLib\HrClassLib.csproj", "{FBE98AE0-01B6-43E3-8F23-083E2E1DF5A3}"
EndProject
Global
	GlobalSection(SolutionConfigurationPlatforms) = preSolution
		Debug|Any CPU = Debug|Any CPU
		Release|Any CPU = Release|Any CPU
	EndGlobalSection
	GlobalSection(SolutionProperties) = preSolution
		HideSolutionNode = FALSE
	EndGlobalSection
	GlobalSection(ProjectConfigurationPlatforms) = postSolution
		{8DC68014-2902-48F9-A7E3-22220BE78117}.Debug|Any CPU.ActiveCfg = Debug|Any CPU
		{8DC68014-2902-48F9-A7E3-22220BE78117}.Debug|Any CPU.Build.0 = Debug|Any CPU
		{8DC68014-2902-48F9-A7E3-22220BE78117}.Release|Any CPU.ActiveCfg = Release|Any CPU
		{8DC68014-2902-48F9-A7E3-22220BE78117}.Release|Any CPU.Build.0 = Release|Any CPU
		{FBE98AE0-01B6-43E3-8F23-083E2E1DF5A3}.Debug|Any CPU.ActiveCfg = Debug|Any CPU
		{FBE98AE0-01B6-43E3-8F23-083E2E1DF5A3}.Debug|Any CPU.Build.0 = Debug|Any CPU
		{FBE98AE0-01B6-43E3-8F23-083E2E1DF5A3}.Release|Any CPU.ActiveCfg = Release|Any CPU
		{FBE98AE0-01B6-43E3-8F23-083E2E1DF5A3}.Release|Any CPU.Build.0 = Release|Any CPU
	EndGlobalSection
EndGlobal
