
Microsoft Visual Studio Solution File, Format Version 12.00
# Visual Studio Version 17
VisualStudioVersion = 17.10.35013.160
MinimumVisualStudioVersion = 10.0.40219.1
Project("{FAE04EC0-301F-11D3-BF4B-00C04F79EFBC}") = "TubleExample", "TubleExample.csproj", "{CADE20E5-0F33-42BC-BA75-27E7097252BE}"
EndProject
Global
	GlobalSection(SolutionConfigurationPlatforms) = preSolution
		Debug|Any CPU = Debug|Any CPU
		Release|Any CPU = Release|Any CPU
	EndGlobalSection
	GlobalSection(ProjectConfigurationPlatforms) = postSolution
		{CADE20E5-0F33-42BC-BA75-27E7097252BE}.Debug|Any CPU.ActiveCfg = Debug|Any CPU
		{CADE20E5-0F33-42BC-BA75-27E7097252BE}.Debug|Any CPU.Build.0 = Debug|Any CPU
		{CADE20E5-0F33-42BC-BA75-27E7097252BE}.Release|Any CPU.ActiveCfg = Release|Any CPU
		{CADE20E5-0F33-42BC-BA75-27E7097252BE}.Release|Any CPU.Build.0 = Release|Any CPU
	EndGlobalSection
	GlobalSection(SolutionProperties) = preSolution
		HideSolutionNode = FALSE
	EndGlobalSection
	GlobalSection(ExtensibilityGlobals) = postSolution
		SolutionGuid = {13427B8D-AF34-4A54-B876-6971F3024A82}
	EndGlobalSection
EndGlobal
